
Microsoft Visual Studio Solution File, Format Version 12.00
# Visual Studio Version 17
VisualStudioVersion = 17.6.33829.357
MinimumVisualStudioVersion = 10.0.40219.1
Project("{FAE04EC0-301F-11D3-BF4B-00C04F79EFBC}") = "Resolução de Problemas", "Resolução de Problemas\Resolução de Problemas.csproj", "{F1EC8583-FFE7-4475-AFFD-6115341C1C85}"
EndProject
Global
	GlobalSection(SolutionConfigurationPlatforms) = preSolution
		Debug|Any CPU = Debug|Any CPU
		Release|Any CPU = Release|Any CPU
	EndGlobalSection
	GlobalSection(ProjectConfigurationPlatforms) = postSolution
		{F1EC8583-FFE7-4475-AFFD-6115341C1C85}.Debug|Any CPU.ActiveCfg = Debug|Any CPU
		{F1EC8583-FFE7-4475-AFFD-6115341C1C85}.Debug|Any CPU.Build.0 = Debug|Any CPU
		{F1EC8583-FFE7-4475-AFFD-6115341C1C85}.Release|Any CPU.ActiveCfg = Release|Any CPU
		{F1EC8583-FFE7-4475-AFFD-6115341C1C85}.Release|Any CPU.Build.0 = Release|Any CPU
	EndGlobalSection
	GlobalSection(SolutionProperties) = preSolution
		HideSolutionNode = FALSE
	EndGlobalSection
	GlobalSection(ExtensibilityGlobals) = postSolution
		SolutionGuid = {085E5182-05A4-493A-92E2-46250F66085D}
	EndGlobalSection
EndGlobal
